
Microsoft Visual Studio Solution File, Format Version 12.00
# Visual Studio Version 17
VisualStudioVersion = 17.0.31903.59
MinimumVisualStudioVersion = 10.0.40219.1
Project("{2150E333-8FDC-42A3-9474-1A3956D46DE8}") = "Solution Items", "Solution Items", "{263E2C05-6918-437F-AD39-71DAC32894FE}"
	ProjectSection(SolutionItems) = preProject
		.editorconfig = .editorconfig
	EndProjectSection
EndProject
Project("{2150E333-8FDC-42A3-9474-1A3956D46DE8}") = "labs", "labs", "{F7B0AD03-791E-47D2-A75A-635163712510}"
EndProject
Project("{2150E333-8FDC-42A3-9474-1A3956D46DE8}") = "lab1", "lab1", "{EEC264A5-81FF-4824-8A77-DD338F6C2E6E}"
EndProject
Project("{9A19103F-16F7-4668-BE54-9A1E7A4F7556}") = "Lab1Server", "labs\lab1\server\Lab1Server.csproj", "{5691184C-C4D7-4116-85A8-9D1D93A94FF1}"
EndProject
Project("{9A19103F-16F7-4668-BE54-9A1E7A4F7556}") = "Lab1Client", "labs\lab1\client\Lab1Client.csproj", "{0463BA11-7AB2-4BB5-B061-DCF6927110B3}"
EndProject
Project("{2150E333-8FDC-42A3-9474-1A3956D46DE8}") = "lab2", "lab2", "{DBE86556-60E9-4BA4-A907-34EAA752F0ED}"
EndProject
Project("{9A19103F-16F7-4668-BE54-9A1E7A4F7556}") = "Lab2Server", "labs\lab2\Lab2Server\Lab2Server.csproj", "{A9571B8E-FADA-4CFF-813F-968DB3A88228}"
EndProject
Project("{9A19103F-16F7-4668-BE54-9A1E7A4F7556}") = "Lab2Client", "labs\lab2\Lab2Client\Lab2Client.csproj", "{FBA410A9-13F4-4AE2-900A-5C8F6863EBBE}"
EndProject
Global
	GlobalSection(SolutionConfigurationPlatforms) = preSolution
		Debug|Any CPU = Debug|Any CPU
		Release|Any CPU = Release|Any CPU
	EndGlobalSection
	GlobalSection(ProjectConfigurationPlatforms) = postSolution
		{5691184C-C4D7-4116-85A8-9D1D93A94FF1}.Debug|Any CPU.ActiveCfg = Debug|Any CPU
		{5691184C-C4D7-4116-85A8-9D1D93A94FF1}.Debug|Any CPU.Build.0 = Debug|Any CPU
		{5691184C-C4D7-4116-85A8-9D1D93A94FF1}.Release|Any CPU.ActiveCfg = Release|Any CPU
		{5691184C-C4D7-4116-85A8-9D1D93A94FF1}.Release|Any CPU.Build.0 = Release|Any CPU
		{0463BA11-7AB2-4BB5-B061-DCF6927110B3}.Debug|Any CPU.ActiveCfg = Debug|Any CPU
		{0463BA11-7AB2-4BB5-B061-DCF6927110B3}.Debug|Any CPU.Build.0 = Debug|Any CPU
		{0463BA11-7AB2-4BB5-B061-DCF6927110B3}.Release|Any CPU.ActiveCfg = Release|Any CPU
		{0463BA11-7AB2-4BB5-B061-DCF6927110B3}.Release|Any CPU.Build.0 = Release|Any CPU
		{A9571B8E-FADA-4CFF-813F-968DB3A88228}.Debug|Any CPU.ActiveCfg = Debug|Any CPU
		{A9571B8E-FADA-4CFF-813F-968DB3A88228}.Debug|Any CPU.Build.0 = Debug|Any CPU
		{A9571B8E-FADA-4CFF-813F-968DB3A88228}.Release|Any CPU.ActiveCfg = Release|Any CPU
		{A9571B8E-FADA-4CFF-813F-968DB3A88228}.Release|Any CPU.Build.0 = Release|Any CPU
		{FBA410A9-13F4-4AE2-900A-5C8F6863EBBE}.Debug|Any CPU.ActiveCfg = Debug|Any CPU
		{FBA410A9-13F4-4AE2-900A-5C8F6863EBBE}.Debug|Any CPU.Build.0 = Debug|Any CPU
		{FBA410A9-13F4-4AE2-900A-5C8F6863EBBE}.Release|Any CPU.ActiveCfg = Release|Any CPU
		{FBA410A9-13F4-4AE2-900A-5C8F6863EBBE}.Release|Any CPU.Build.0 = Release|Any CPU
	EndGlobalSection
	GlobalSection(SolutionProperties) = preSolution
		HideSolutionNode = FALSE
	EndGlobalSection
	GlobalSection(NestedProjects) = preSolution
		{EEC264A5-81FF-4824-8A77-DD338F6C2E6E} = {F7B0AD03-791E-47D2-A75A-635163712510}
		{5691184C-C4D7-4116-85A8-9D1D93A94FF1} = {EEC264A5-81FF-4824-8A77-DD338F6C2E6E}
		{0463BA11-7AB2-4BB5-B061-DCF6927110B3} = {EEC264A5-81FF-4824-8A77-DD338F6C2E6E}
		{DBE86556-60E9-4BA4-A907-34EAA752F0ED} = {F7B0AD03-791E-47D2-A75A-635163712510}
		{A9571B8E-FADA-4CFF-813F-968DB3A88228} = {DBE86556-60E9-4BA4-A907-34EAA752F0ED}
		{FBA410A9-13F4-4AE2-900A-5C8F6863EBBE} = {DBE86556-60E9-4BA4-A907-34EAA752F0ED}
	EndGlobalSection
	GlobalSection(ExtensibilityGlobals) = postSolution
		SolutionGuid = {CECD8FE1-8B0A-4D61-99EA-356E4B42ADA4}
	EndGlobalSection
EndGlobal
